
Microsoft Visual Studio Solution File, Format Version 12.00
# Visual Studio Version 17
VisualStudioVersion = 17.4.33122.133
MinimumVisualStudioVersion = 10.0.40219.1
Project("{FAE04EC0-301F-11D3-BF4B-00C04F79EFBC}") = "20 dechw visual", "20 dechw visual\20 dechw visual.csproj", "{4C1547C8-BB91-4D8C-8009-B3AAC8C97C92}"
EndProject
Global
	GlobalSection(SolutionConfigurationPlatforms) = preSolution
		Debug|Any CPU = Debug|Any CPU
		Release|Any CPU = Release|Any CPU
	EndGlobalSection
	GlobalSection(ProjectConfigurationPlatforms) = postSolution
		{4C1547C8-BB91-4D8C-8009-B3AAC8C97C92}.Debug|Any CPU.ActiveCfg = Debug|Any CPU
		{4C1547C8-BB91-4D8C-8009-B3AAC8C97C92}.Debug|Any CPU.Build.0 = Debug|Any CPU
		{4C1547C8-BB91-4D8C-8009-B3AAC8C97C92}.Release|Any CPU.ActiveCfg = Release|Any CPU
		{4C1547C8-BB91-4D8C-8009-B3AAC8C97C92}.Release|Any CPU.Build.0 = Release|Any CPU
	EndGlobalSection
	GlobalSection(SolutionProperties) = preSolution
		HideSolutionNode = FALSE
	EndGlobalSection
	GlobalSection(ExtensibilityGlobals) = postSolution
		SolutionGuid = {9C3BB848-1330-4CEE-AFD6-4AA7B2AE960C}
	EndGlobalSection
EndGlobal
